
Microsoft Visual Studio Solution File, Format Version 12.00
# Visual Studio 15
VisualStudioVersion = 15.0.28010.2026
MinimumVisualStudioVersion = 10.0.40219.1
Project("{FAE04EC0-301F-11D3-BF4B-00C04F79EFBC}") = "NetworkReliabilityEx1", "NetworkReliabilityEx1\NetworkReliabilityEx1.csproj", "{9CCF9F98-AD7F-44B5-B06A-2436ABB8C3BF}"
EndProject
Global
	GlobalSection(SolutionConfigurationPlatforms) = preSolution
		Debug|Any CPU = Debug|Any CPU
		Release|Any CPU = Release|Any CPU
	EndGlobalSection
	GlobalSection(ProjectConfigurationPlatforms) = postSolution
		{9CCF9F98-AD7F-44B5-B06A-2436ABB8C3BF}.Debug|Any CPU.ActiveCfg = Debug|Any CPU
		{9CCF9F98-AD7F-44B5-B06A-2436ABB8C3BF}.Debug|Any CPU.Build.0 = Debug|Any CPU
		{9CCF9F98-AD7F-44B5-B06A-2436ABB8C3BF}.Release|Any CPU.ActiveCfg = Release|Any CPU
		{9CCF9F98-AD7F-44B5-B06A-2436ABB8C3BF}.Release|Any CPU.Build.0 = Release|Any CPU
	EndGlobalSection
	GlobalSection(SolutionProperties) = preSolution
		HideSolutionNode = FALSE
	EndGlobalSection
	GlobalSection(ExtensibilityGlobals) = postSolution
		SolutionGuid = {2707FE9C-B20C-4E89-AAB8-24D1F2B531FA}
	EndGlobalSection
EndGlobal
